// !$*UTF8*$!
{
	archiveVersion = 1;
	classes = {
	};
	objectVersion = 56;
	objects = {

/* Begin PBXBuildFile section */
		07AE1E392ABA2C9A00FF4609 /* CourseListViewModel.swift in Sources */ = {isa = PBXBuildFile; fileRef = 07AE1E382ABA2C9A00FF4609 /* CourseListViewModel.swift */; };
		07AE1E3C2ABA2DD100FF4609 /* CourseDetailsViewModel.swift in Sources */ = {isa = PBXBuildFile; fileRef = 07AE1E3B2ABA2DD100FF4609 /* CourseDetailsViewModel.swift */; };
		07AE1E3E2ABA2E4900FF4609 /* CourseDetailsView.swift in Sources */ = {isa = PBXBuildFile; fileRef = 07AE1E3D2ABA2E4900FF4609 /* CourseDetailsView.swift */; };
		07AE1E402ABA3D8F00FF4609 /* RowView.swift in Sources */ = {isa = PBXBuildFile; fileRef = 07AE1E3F2ABA3D8F00FF4609 /* RowView.swift */; };
		07AE1E422ABA3DF500FF4609 /* CourseImageView.swift in Sources */ = {isa = PBXBuildFile; fileRef = 07AE1E412ABA3DF500FF4609 /* CourseImageView.swift */; };
		07AE1E442ABA4C1100FF4609 /* StorageManager.swift in Sources */ = {isa = PBXBuildFile; fileRef = 07AE1E432ABA4C1100FF4609 /* StorageManager.swift */; };
		07B0E7412AB9180000E12071 /* SwiftBookAppSwiftUIApp.swift in Sources */ = {isa = PBXBuildFile; fileRef = 07B0E7402AB9180000E12071 /* SwiftBookAppSwiftUIApp.swift */; };
		07B0E7432AB9180000E12071 /* CourseListView.swift in Sources */ = {isa = PBXBuildFile; fileRef = 07B0E7422AB9180000E12071 /* CourseListView.swift */; };
		07B0E7452AB9180000E12071 /* Assets.xcassets in Resources */ = {isa = PBXBuildFile; fileRef = 07B0E7442AB9180000E12071 /* Assets.xcassets */; };
		07B0E7482AB9180000E12071 /* Preview Assets.xcassets in Resources */ = {isa = PBXBuildFile; fileRef = 07B0E7472AB9180000E12071 /* Preview Assets.xcassets */; };
		07B0E74F2AB918F900E12071 /* Course.swift in Sources */ = {isa = PBXBuildFile; fileRef = 07B0E74E2AB918F900E12071 /* Course.swift */; };
		07B0E7562AB919A700E12071 /* NetworkManager.swift in Sources */ = {isa = PBXBuildFile; fileRef = 07B0E7552AB919A700E12071 /* NetworkManager.swift */; };
		07E041492ABD0CD000683B43 /* FavoriteButtonView.swift in Sources */ = {isa = PBXBuildFile; fileRef = 07E041482ABD0CD000683B43 /* FavoriteButtonView.swift */; };
/* End PBXBuildFile section */

/* Begin PBXFileReference section */
		07AE1E382ABA2C9A00FF4609 /* CourseListViewModel.swift */ = {isa = PBXFileReference; lastKnownFileType = sourcecode.swift; path = CourseListViewModel.swift; sourceTree = "<group>"; };
		07AE1E3B2ABA2DD100FF4609 /* CourseDetailsViewModel.swift */ = {isa = PBXFileReference; lastKnownFileType = sourcecode.swift; path = CourseDetailsViewModel.swift; sourceTree = "<group>"; };
		07AE1E3D2ABA2E4900FF4609 /* CourseDetailsView.swift */ = {isa = PBXFileReference; lastKnownFileType = sourcecode.swift; path = CourseDetailsView.swift; sourceTree = "<group>"; };
		07AE1E3F2ABA3D8F00FF4609 /* RowView.swift */ = {isa = PBXFileReference; lastKnownFileType = sourcecode.swift; path = RowView.swift; sourceTree = "<group>"; };
		07AE1E412ABA3DF500FF4609 /* CourseImageView.swift */ = {isa = PBXFileReference; lastKnownFileType = sourcecode.swift; path = CourseImageView.swift; sourceTree = "<group>"; };
		07AE1E432ABA4C1100FF4609 /* StorageManager.swift */ = {isa = PBXFileReference; lastKnownFileType = sourcecode.swift; path = StorageManager.swift; sourceTree = "<group>"; };
		07B0E73D2AB9180000E12071 /* SwiftBookAppSwiftUI.app */ = {isa = PBXFileReference; explicitFileType = wrapper.application; includeInIndex = 0; path = SwiftBookAppSwiftUI.app; sourceTree = BUILT_PRODUCTS_DIR; };
		07B0E7402AB9180000E12071 /* SwiftBookAppSwiftUIApp.swift */ = {isa = PBXFileReference; lastKnownFileType = sourcecode.swift; path = SwiftBookAppSwiftUIApp.swift; sourceTree = "<group>"; };
		07B0E7422AB9180000E12071 /* CourseListView.swift */ = {isa = PBXFileReference; lastKnownFileType = sourcecode.swift; path = CourseListView.swift; sourceTree = "<group>"; };
		07B0E7442AB9180000E12071 /* Assets.xcassets */ = {isa = PBXFileReference; lastKnownFileType = folder.assetcatalog; path = Assets.xcassets; sourceTree = "<group>"; };
		07B0E7472AB9180000E12071 /* Preview Assets.xcassets */ = {isa = PBXFileReference; lastKnownFileType = folder.assetcatalog; path = "Preview Assets.xcassets"; sourceTree = "<group>"; };
		07B0E74E2AB918F900E12071 /* Course.swift */ = {isa = PBXFileReference; lastKnownFileType = sourcecode.swift; path = Course.swift; sourceTree = "<group>"; };
		07B0E7552AB919A700E12071 /* NetworkManager.swift */ = {isa = PBXFileReference; lastKnownFileType = sourcecode.swift; path = NetworkManager.swift; sourceTree = "<group>"; };
		07E041482ABD0CD000683B43 /* FavoriteButtonView.swift */ = {isa = PBXFileReference; lastKnownFileType = sourcecode.swift; path = FavoriteButtonView.swift; sourceTree = "<group>"; };
/* End PBXFileReference section */

/* Begin PBXFrameworksBuildPhase section */
		07B0E73A2AB9180000E12071 /* Frameworks */ = {
			isa = PBXFrameworksBuildPhase;
			buildActionMask = 2147483647;
			files = (
			);
			runOnlyForDeploymentPostprocessing = 0;
		};
/* End PBXFrameworksBuildPhase section */

/* Begin PBXGroup section */
		07AE1E3A2ABA2DAF00FF4609 /* CourseDetails */ = {
			isa = PBXGroup;
			children = (
				07AE1E3D2ABA2E4900FF4609 /* CourseDetailsView.swift */,
				07AE1E3B2ABA2DD100FF4609 /* CourseDetailsViewModel.swift */,
				07AE1E412ABA3DF500FF4609 /* CourseImageView.swift */,
				07E041482ABD0CD000683B43 /* FavoriteButtonView.swift */,
			);
			path = CourseDetails;
			sourceTree = "<group>";
		};
		07B0E7342AB9180000E12071 = {
			isa = PBXGroup;
			children = (
				07B0E73F2AB9180000E12071 /* SwiftBookAppSwiftUI */,
				07B0E73E2AB9180000E12071 /* Products */,
			);
			sourceTree = "<group>";
		};
		07B0E73E2AB9180000E12071 /* Products */ = {
			isa = PBXGroup;
			children = (
				07B0E73D2AB9180000E12071 /* SwiftBookAppSwiftUI.app */,
			);
			name = Products;
			sourceTree = "<group>";
		};
		07B0E73F2AB9180000E12071 /* SwiftBookAppSwiftUI */ = {
			isa = PBXGroup;
			children = (
				07B0E7512AB9197600E12071 /* Services */,
				07B0E7502AB9192200E12071 /* Model */,
				07B0E7532AB9198700E12071 /* App */,
				07B0E7522AB9198100E12071 /* CourseList */,
				07AE1E3A2ABA2DAF00FF4609 /* CourseDetails */,
				07B0E7542AB9198E00E12071 /* Resources */,
				07B0E7462AB9180000E12071 /* Preview Content */,
			);
			path = SwiftBookAppSwiftUI;
			sourceTree = "<group>";
		};
		07B0E7462AB9180000E12071 /* Preview Content */ = {
			isa = PBXGroup;
			children = (
				07B0E7472AB9180000E12071 /* Preview Assets.xcassets */,
			);
			path = "Preview Content";
			sourceTree = "<group>";
		};
		07B0E7502AB9192200E12071 /* Model */ = {
			isa = PBXGroup;
			children = (
				07B0E74E2AB918F900E12071 /* Course.swift */,
			);
			path = Model;
			sourceTree = "<group>";
		};
		07B0E7512AB9197600E12071 /* Services */ = {
			isa = PBXGroup;
			children = (
				07B0E7552AB919A700E12071 /* NetworkManager.swift */,
				07AE1E432ABA4C1100FF4609 /* StorageManager.swift */,
			);
			path = Services;
			sourceTree = "<group>";
		};
		07B0E7522AB9198100E12071 /* CourseList */ = {
			isa = PBXGroup;
			children = (
				07B0E7422AB9180000E12071 /* CourseListView.swift */,
				07AE1E382ABA2C9A00FF4609 /* CourseListViewModel.swift */,
				07AE1E3F2ABA3D8F00FF4609 /* RowView.swift */,
			);
			path = CourseList;
			sourceTree = "<group>";
		};
		07B0E7532AB9198700E12071 /* App */ = {
			isa = PBXGroup;
			children = (
				07B0E7402AB9180000E12071 /* SwiftBookAppSwiftUIApp.swift */,
			);
			path = App;
			sourceTree = "<group>";
		};
		07B0E7542AB9198E00E12071 /* Resources */ = {
			isa = PBXGroup;
			children = (
				07B0E7442AB9180000E12071 /* Assets.xcassets */,
			);
			path = Resources;
			sourceTree = "<group>";
		};
/* End PBXGroup section */

/* Begin PBXNativeTarget section */
		07B0E73C2AB9180000E12071 /* SwiftBookAppSwiftUI */ = {
			isa = PBXNativeTarget;
			buildConfigurationList = 07B0E74B2AB9180000E12071 /* Build configuration list for PBXNativeTarget "SwiftBookAppSwiftUI" */;
			buildPhases = (
				07B0E7392AB9180000E12071 /* Sources */,
				07B0E73A2AB9180000E12071 /* Frameworks */,
				07B0E73B2AB9180000E12071 /* Resources */,
			);
			buildRules = (
			);
			dependencies = (
			);
			name = SwiftBookAppSwiftUI;
			productName = SwiftBookAppSwiftUI;
			productReference = 07B0E73D2AB9180000E12071 /* SwiftBookAppSwiftUI.app */;
			productType = "com.apple.product-type.application";
		};
/* End PBXNativeTarget section */

/* Begin PBXProject section */
		07B0E7352AB9180000E12071 /* Project object */ = {
			isa = PBXProject;
			attributes = {
				BuildIndependentTargetsInParallel = 1;
				LastSwiftUpdateCheck = 1430;
				LastUpgradeCheck = 1500;
				TargetAttributes = {
					07B0E73C2AB9180000E12071 = {
						CreatedOnToolsVersion = 14.3.1;
					};
				};
			};
			buildConfigurationList = 07B0E7382AB9180000E12071 /* Build configuration list for PBXProject "SwiftBookAppSwiftUI" */;
			compatibilityVersion = "Xcode 14.0";
			developmentRegion = en;
			hasScannedForEncodings = 0;
			knownRegions = (
				en,
				Base,
			);
			mainGroup = 07B0E7342AB9180000E12071;
			productRefGroup = 07B0E73E2AB9180000E12071 /* Products */;
			projectDirPath = "";
			projectRoot = "";
			targets = (
				07B0E73C2AB9180000E12071 /* SwiftBookAppSwiftUI */,
			);
		};
/* End PBXProject section */

/* Begin PBXResourcesBuildPhase section */
		07B0E73B2AB9180000E12071 /* Resources */ = {
			isa = PBXResourcesBuildPhase;
			buildActionMask = 2147483647;
			files = (
				07B0E7482AB9180000E12071 /* Preview Assets.xcassets in Resources */,
				07B0E7452AB9180000E12071 /* Assets.xcassets in Resources */,
			);
			runOnlyForDeploymentPostprocessing = 0;
		};
/* End PBXResourcesBuildPhase section */

/* Begin PBXSourcesBuildPhase section */
		07B0E7392AB9180000E12071 /* Sources */ = {
			isa = PBXSourcesBuildPhase;
			buildActionMask = 2147483647;
			files = (
				07AE1E392ABA2C9A00FF4609 /* CourseListViewModel.swift in Sources */,
				07AE1E422ABA3DF500FF4609 /* CourseImageView.swift in Sources */,
				07E041492ABD0CD000683B43 /* FavoriteButtonView.swift in Sources */,
				07B0E7562AB919A700E12071 /* NetworkManager.swift in Sources */,
				07B0E74F2AB918F900E12071 /* Course.swift in Sources */,
				07AE1E402ABA3D8F00FF4609 /* RowView.swift in Sources */,
				07B0E7432AB9180000E12071 /* CourseListView.swift in Sources */,
				07AE1E3E2ABA2E4900FF4609 /* CourseDetailsView.swift in Sources */,
				07AE1E442ABA4C1100FF4609 /* StorageManager.swift in Sources */,
				07AE1E3C2ABA2DD100FF4609 /* CourseDetailsViewModel.swift in Sources */,
				07B0E7412AB9180000E12071 /* SwiftBookAppSwiftUIApp.swift in Sources */,
			);
			runOnlyForDeploymentPostprocessing = 0;
		};
/* End PBXSourcesBuildPhase section */

/* Begin XCBuildConfiguration section */
		07B0E7492AB9180000E12071 /* Debug */ = {
			isa = XCBuildConfiguration;
			buildSettings = {
				ALWAYS_SEARCH_USER_PATHS = NO;
				CLANG_ANALYZER_NONNULL = YES;
				CLANG_ANALYZER_NUMBER_OBJECT_CONVERSION = YES_AGGRESSIVE;
				CLANG_CXX_LANGUAGE_STANDARD = "gnu++20";
				CLANG_ENABLE_MODULES = YES;
				CLANG_ENABLE_OBJC_ARC = YES;
				CLANG_ENABLE_OBJC_WEAK = YES;
				CLANG_WARN_BLOCK_CAPTURE_AUTORELEASING = YES;
				CLANG_WARN_BOOL_CONVERSION = YES;
				CLANG_WARN_COMMA = YES;
				CLANG_WARN_CONSTANT_CONVERSION = YES;
				CLANG_WARN_DEPRECATED_OBJC_IMPLEMENTATIONS = YES;
				CLANG_WARN_DIRECT_OBJC_ISA_USAGE = YES_ERROR;
				CLANG_WARN_DOCUMENTATION_COMMENTS = YES;
				CLANG_WARN_EMPTY_BODY = YES;
				CLANG_WARN_ENUM_CONVERSION = YES;
				CLANG_WARN_INFINITE_RECURSION = YES;
				CLANG_WARN_INT_CONVERSION = YES;
				CLANG_WARN_NON_LITERAL_NULL_CONVERSION = YES;
				CLANG_WARN_OBJC_IMPLICIT_RETAIN_SELF = YES;
				CLANG_WARN_OBJC_LITERAL_CONVERSION = YES;
				CLANG_WARN_OBJC_ROOT_CLASS = YES_ERROR;
				CLANG_WARN_QUOTED_INCLUDE_IN_FRAMEWORK_HEADER = YES;
				CLANG_WARN_RANGE_LOOP_ANALYSIS = YES;
				CLANG_WARN_STRICT_PROTOTYPES = YES;
				CLANG_WARN_SUSPICIOUS_MOVE = YES;
				CLANG_WARN_UNGUARDED_AVAILABILITY = YES_AGGRESSIVE;
				CLANG_WARN_UNREACHABLE_CODE = YES;
				CLANG_WARN__DUPLICATE_METHOD_MATCH = YES;
				COPY_PHASE_STRIP = NO;
				DEBUG_INFORMATION_FORMAT = dwarf;
				ENABLE_STRICT_OBJC_MSGSEND = YES;
				ENABLE_TESTABILITY = YES;
				ENABLE_USER_SCRIPT_SANDBOXING = YES;
				GCC_C_LANGUAGE_STANDARD = gnu11;
				GCC_DYNAMIC_NO_PIC = NO;
				GCC_NO_COMMON_BLOCKS = YES;
				GCC_OPTIMIZATION_LEVEL = 0;
				GCC_PREPROCESSOR_DEFINITIONS = (
					"DEBUG=1",
					"$(inherited)",
				);
				GCC_WARN_64_TO_32_BIT_CONVERSION = YES;
				GCC_WARN_ABOUT_RETURN_TYPE = YES_ERROR;
				GCC_WARN_UNDECLARED_SELECTOR = YES;
				GCC_WARN_UNINITIALIZED_AUTOS = YES_AGGRESSIVE;
				GCC_WARN_UNUSED_FUNCTION = YES;
				GCC_WARN_UNUSED_VARIABLE = YES;
				IPHONEOS_DEPLOYMENT_TARGET = 17.0;
				MTL_ENABLE_DEBUG_INFO = INCLUDE_SOURCE;
				MTL_FAST_MATH = YES;
				ONLY_ACTIVE_ARCH = YES;
				SDKROOT = iphoneos;
				SWIFT_ACTIVE_COMPILATION_CONDITIONS = DEBUG;
				SWIFT_OPTIMIZATION_LEVEL = "-Onone";
			};
			name = Debug;
		};
		07B0E74A2AB9180000E12071 /* Release */ = {
			isa = XCBuildConfiguration;
			buildSettings = {
				ALWAYS_SEARCH_USER_PATHS = NO;
				CLANG_ANALYZER_NONNULL = YES;
				CLANG_ANALYZER_NUMBER_OBJECT_CONVERSION = YES_AGGRESSIVE;
				CLANG_CXX_LANGUAGE_STANDARD = "gnu++20";
				CLANG_ENABLE_MODULES = YES;
				CLANG_ENABLE_OBJC_ARC = YES;
				CLANG_ENABLE_OBJC_WEAK = YES;
				CLANG_WARN_BLOCK_CAPTURE_AUTORELEASING = YES;
				CLANG_WARN_BOOL_CONVERSION = YES;
				CLANG_WARN_COMMA = YES;
				CLANG_WARN_CONSTANT_CONVERSION = YES;
				CLANG_WARN_DEPRECATED_OBJC_IMPLEMENTATIONS = YES;
				CLANG_WARN_DIRECT_OBJC_ISA_USAGE = YES_ERROR;
				CLANG_WARN_DOCUMENTATION_COMMENTS = YES;
				CLANG_WARN_EMPTY_BODY = YES;
				CLANG_WARN_ENUM_CONVERSION = YES;
				CLANG_WARN_INFINITE_RECURSION = YES;
				CLANG_WARN_INT_CONVERSION = YES;
				CLANG_WARN_NON_LITERAL_NULL_CONVERSION = YES;
				CLANG_WARN_OBJC_IMPLICIT_RETAIN_SELF = YES;
				CLANG_WARN_OBJC_LITERAL_CONVERSION = YES;
				CLANG_WARN_OBJC_ROOT_CLASS = YES_ERROR;
				CLANG_WARN_QUOTED_INCLUDE_IN_FRAMEWORK_HEADER = YES;
				CLANG_WARN_RANGE_LOOP_ANALYSIS = YES;
				CLANG_WARN_STRICT_PROTOTYPES = YES;
				CLANG_WARN_SUSPICIOUS_MOVE = YES;
				CLANG_WARN_UNGUARDED_AVAILABILITY = YES_AGGRESSIVE;
				CLANG_WARN_UNREACHABLE_CODE = YES;
				CLANG_WARN__DUPLICATE_METHOD_MATCH = YES;
				COPY_PHASE_STRIP = NO;
				DEBUG_INFORMATION_FORMAT = "dwarf-with-dsym";
				ENABLE_NS_ASSERTIONS = NO;
				ENABLE_STRICT_OBJC_MSGSEND = YES;
				ENABLE_USER_SCRIPT_SANDBOXING = YES;
				GCC_C_LANGUAGE_STANDARD = gnu11;
				GCC_NO_COMMON_BLOCKS = YES;
				GCC_WARN_64_TO_32_BIT_CONVERSION = YES;
				GCC_WARN_ABOUT_RETURN_TYPE = YES_ERROR;
				GCC_WARN_UNDECLARED_SELECTOR = YES;
				GCC_WARN_UNINITIALIZED_AUTOS = YES_AGGRESSIVE;
				GCC_WARN_UNUSED_FUNCTION = YES;
				GCC_WARN_UNUSED_VARIABLE = YES;
				IPHONEOS_DEPLOYMENT_TARGET = 17.0;
				MTL_ENABLE_DEBUG_INFO = NO;
				MTL_FAST_MATH = YES;
				SDKROOT = iphoneos;
				SWIFT_COMPILATION_MODE = wholemodule;
				SWIFT_OPTIMIZATION_LEVEL = "-O";
				VALIDATE_PRODUCT = YES;
			};
			name = Release;
		};
		07B0E74C2AB9180000E12071 /* Debug */ = {
			isa = XCBuildConfiguration;
			buildSettings = {
				ASSETCATALOG_COMPILER_APPICON_NAME = AppIcon;
				ASSETCATALOG_COMPILER_GLOBAL_ACCENT_COLOR_NAME = AccentColor;
				CODE_SIGN_STYLE = Automatic;
				CURRENT_PROJECT_VERSION = 1;
				DEVELOPMENT_ASSET_PATHS = "\"SwiftBookAppSwiftUI/Preview Content\"";
				DEVELOPMENT_TEAM = 6PNGGFV6BC;
				ENABLE_PREVIEWS = YES;
				GENERATE_INFOPLIST_FILE = YES;
				INFOPLIST_KEY_UIApplicationSceneManifest_Generation = YES;
				INFOPLIST_KEY_UIApplicationSupportsIndirectInputEvents = YES;
				INFOPLIST_KEY_UILaunchScreen_Generation = YES;
				INFOPLIST_KEY_UISupportedInterfaceOrientations_iPad = "UIInterfaceOrientationPortrait UIInterfaceOrientationPortraitUpsideDown UIInterfaceOrientationLandscapeLeft UIInterfaceOrientationLandscapeRight";
				INFOPLIST_KEY_UISupportedInterfaceOrientations_iPhone = "UIInterfaceOrientationPortrait UIInterfaceOrientationLandscapeLeft UIInterfaceOrientationLandscapeRight";
				LD_RUNPATH_SEARCH_PATHS = (
					"$(inherited)",
					"@executable_path/Frameworks",
				);
				MARKETING_VERSION = 1.0;
				PRODUCT_BUNDLE_IDENTIFIER = repakuku.SwiftBookAppSwiftUI;
				PRODUCT_NAME = "$(TARGET_NAME)";
				SWIFT_EMIT_LOC_STRINGS = YES;
				SWIFT_VERSION = 5.0;
				TARGETED_DEVICE_FAMILY = "1,2";
			};
			name = Debug;
		};
		07B0E74D2AB9180000E12071 /* Release */ = {
			isa = XCBuildConfiguration;
			buildSettings = {
				ASSETCATALOG_COMPILER_APPICON_NAME = AppIcon;
				ASSETCATALOG_COMPILER_GLOBAL_ACCENT_COLOR_NAME = AccentColor;
				CODE_SIGN_STYLE = Automatic;
				CURRENT_PROJECT_VERSION = 1;
				DEVELOPMENT_ASSET_PATHS = "\"SwiftBookAppSwiftUI/Preview Content\"";
				DEVELOPMENT_TEAM = 6PNGGFV6BC;
				ENABLE_PREVIEWS = YES;
				GENERATE_INFOPLIST_FILE = YES;
				INFOPLIST_KEY_UIApplicationSceneManifest_Generation = YES;
				INFOPLIST_KEY_UIApplicationSupportsIndirectInputEvents = YES;
				INFOPLIST_KEY_UILaunchScreen_Generation = YES;
				INFOPLIST_KEY_UISupportedInterfaceOrientations_iPad = "UIInterfaceOrientationPortrait UIInterfaceOrientationPortraitUpsideDown UIInterfaceOrientationLandscapeLeft UIInterfaceOrientationLandscapeRight";
				INFOPLIST_KEY_UISupportedInterfaceOrientations_iPhone = "UIInterfaceOrientationPortrait UIInterfaceOrientationLandscapeLeft UIInterfaceOrientationLandscapeRight";
				LD_RUNPATH_SEARCH_PATHS = (
					"$(inherited)",
					"@executable_path/Frameworks",
				);
				MARKETING_VERSION = 1.0;
				PRODUCT_BUNDLE_IDENTIFIER = repakuku.SwiftBookAppSwiftUI;
				PRODUCT_NAME = "$(TARGET_NAME)";
				SWIFT_EMIT_LOC_STRINGS = YES;
				SWIFT_VERSION = 5.0;
				TARGETED_DEVICE_FAMILY = "1,2";
			};
			name = Release;
		};
/* End XCBuildConfiguration section */

/* Begin XCConfigurationList section */
		07B0E7382AB9180000E12071 /* Build configuration list for PBXProject "SwiftBookAppSwiftUI" */ = {
			isa = XCConfigurationList;
			buildConfigurations = (
				07B0E7492AB9180000E12071 /* Debug */,
				07B0E74A2AB9180000E12071 /* Release */,
			);
			defaultConfigurationIsVisible = 0;
			defaultConfigurationName = Release;
		};
		07B0E74B2AB9180000E12071 /* Build configuration list for PBXNativeTarget "SwiftBookAppSwiftUI" */ = {
			isa = XCConfigurationList;
			buildConfigurations = (
				07B0E74C2AB9180000E12071 /* Debug */,
				07B0E74D2AB9180000E12071 /* Release */,
			);
			defaultConfigurationIsVisible = 0;
			defaultConfigurationName = Release;
		};
/* End XCConfigurationList section */
	};
	rootObject = 07B0E7352AB9180000E12071 /* Project object */;
}
